
Microsoft Visual Studio Solution File, Format Version 12.00
# Visual Studio Version 17
VisualStudioVersion = 17.1.31911.260
MinimumVisualStudioVersion = 10.0.40219.1
Project("{FAE04EC0-301F-11D3-BF4B-00C04F79EFBC}") = "theRightDirection.WPF.Xaml", "theRightDirection.WPF.Xaml\theRightDirection.WPF.Xaml.csproj", "{637D2BA7-F38B-49B3-BE33-66C875F9B9B8}"
EndProject
Project("{FAE04EC0-301F-11D3-BF4B-00C04F79EFBC}") = "theRightDirection.WPF.Xaml.Controls", "theRightDirection.WPF.Controls\theRightDirection.WPF.Xaml.Controls.csproj", "{512FD53F-9AD1-46A1-A961-9FABDFAD50C5}"
EndProject
Project("{2150E333-8FDC-42A3-9474-1A3956D46DE8}") = "UWP", "UWP", "{98A0A453-E410-46B9-AA91-E959900D0692}"
EndProject
Project("{2150E333-8FDC-42A3-9474-1A3956D46DE8}") = "WPF", "WPF", "{80F802F1-8591-4145-8665-212413FFAADE}"
EndProject
Project("{2150E333-8FDC-42A3-9474-1A3956D46DE8}") = ".Net Standard", ".Net Standard", "{175ECC0A-5F43-4677-9431-8B344E42A956}"
EndProject
Project("{9A19103F-16F7-4668-BE54-9A1E7A4F7556}") = "theRightDirection.Library", "theRightDirection.NetStandard.Library\theRightDirection.Library.csproj", "{4488EBF3-A09B-443E-B847-252B16E3E9AD}"
EndProject
Project("{2150E333-8FDC-42A3-9474-1A3956D46DE8}") = "Portable", "Portable", "{1D24F37F-9F4C-4FFA-BA8A-6F85D28E017A}"
EndProject
Project("{2150E333-8FDC-42A3-9474-1A3956D46DE8}") = ".Net", ".Net", "{B55D3E97-2FB8-414E-99BC-F244E78C6E0A}"
EndProject
Project("{FAE04EC0-301F-11D3-BF4B-00C04F79EFBC}") = "theRightDirection.Library", "theRightDirection.Library\theRightDirection.Library.csproj", "{3D0493EC-D6BF-47BA-8B62-FB9A31C66AF6}"
EndProject
Project("{FAE04EC0-301F-11D3-BF4B-00C04F79EFBC}") = "theRightDirection.NetStandard.Library.Tests", "theRightDirection.NetStandard.Library.Tests\theRightDirection.NetStandard.Library.Tests.csproj", "{BECA401C-2612-49C8-B531-0E6655EF84DD}"
EndProject
Project("{FAE04EC0-301F-11D3-BF4B-00C04F79EFBC}") = "theRightDirection.WPF.DemoApp", "theRightDirection.WPF.DemoApp\theRightDirection.WPF.DemoApp.csproj", "{288DBB38-D086-4C55-99DD-7BDA611504D5}"
EndProject
Project("{FAE04EC0-301F-11D3-BF4B-00C04F79EFBC}") = "theRightDirection.Library.UnitTesting", "theRightDirection.Library.UnitTesting\theRightDirection.Library.UnitTesting.csproj", "{926F5036-E088-4C57-ACDF-A4580753B8E3}"
EndProject
Project("{FAE04EC0-301F-11D3-BF4B-00C04F79EFBC}") = "theRightDirection.Library.UnitTesting.UWP", "theRightDirection.Library.UnitTesting.UWP\theRightDirection.Library.UnitTesting.UWP.csproj", "{84571057-8D62-4A34-AA00-91858A93C124}"
EndProject
Project("{2150E333-8FDC-42A3-9474-1A3956D46DE8}") = "Tests", "Tests", "{7D213C7C-947A-4008-81ED-EECCC53C2B4E}"
EndProject
Project("{FAE04EC0-301F-11D3-BF4B-00C04F79EFBC}") = "theRightDirection.Library.UnitTesting.UnitTests", "theRightDirection.Library.UnitTesting.UnitTests\theRightDirection.Library.UnitTesting.UnitTests.csproj", "{4A456836-01B8-4917-958D-C88A27A867EC}"
EndProject
Project("{2150E333-8FDC-42A3-9474-1A3956D46DE8}") = ".Net5", ".Net5", "{41943FD1-0E37-4D44-B851-2384CF6E5885}"
EndProject
Project("{9A19103F-16F7-4668-BE54-9A1E7A4F7556}") = "theRightDirection.Library", "theRightDirection.Library.NetCore\theRightDirection.Library.csproj", "{C8120C2F-7774-4BE8-B793-3E029A5574A4}"
EndProject
Project("{9A19103F-16F7-4668-BE54-9A1E7A4F7556}") = "theRightDirection.WPF.Xaml", "theRightDirection.WPF.Xaml.Core\theRightDirection.WPF.Xaml.csproj", "{21F53C1D-E671-4776-B9DB-B7ABC64ED1DA}"
EndProject
Project("{9A19103F-16F7-4668-BE54-9A1E7A4F7556}") = "theRightDirection.WPF.Controls", "theRightDirection.WPF.Controls.Core\theRightDirection.WPF.Controls.csproj", "{23C77F4F-2681-4B53-B8A8-0D174D915608}"
EndProject
Project("{9A19103F-16F7-4668-BE54-9A1E7A4F7556}") = "theRightDirection.WPF.Controls.DemoApp", "theRightDirection.WPF.Controls.DemoApp\theRightDirection.WPF.Controls.DemoApp.csproj", "{5AEA9300-BBCD-4DF7-AD1C-27BE11336E3F}"
EndProject
Project("{9A19103F-16F7-4668-BE54-9A1E7A4F7556}") = "theRightDirection.Tests", "theRightDirection.Tests\theRightDirection.Tests.csproj", "{F4AF2EBE-4208-4708-97CE-47D3AE972873}"
EndProject
Project("{9A19103F-16F7-4668-BE54-9A1E7A4F7556}") = "theRightDirection.Library.UnitTesting", "theRightDirection.Library.UnitTesting.Core\theRightDirection.Library.UnitTesting.csproj", "{330877E5-6009-4A1D-82A7-8F64BE5E26E5}"
EndProject
Project("{FAE04EC0-301F-11D3-BF4B-00C04F79EFBC}") = "theRightDirection.Library.UnitTests", "theRightDirection.Library.UnitTests\theRightDirection.Library.UnitTests.csproj", "{35CB5B08-7CD1-463C-8B53-8AC9F92F3ABA}"
EndProject
Global
	GlobalSection(SolutionConfigurationPlatforms) = preSolution
		Debug|Any CPU = Debug|Any CPU
		Debug|ARM = Debug|ARM
		Debug|ARM64 = Debug|ARM64
		Debug|x64 = Debug|x64
		Debug|x86 = Debug|x86
		Release|Any CPU = Release|Any CPU
		Release|ARM = Release|ARM
		Release|ARM64 = Release|ARM64
		Release|x64 = Release|x64
		Release|x86 = Release|x86
	EndGlobalSection
	GlobalSection(ProjectConfigurationPlatforms) = postSolution
		{637D2BA7-F38B-49B3-BE33-66C875F9B9B8}.Debug|Any CPU.ActiveCfg = Debug|Any CPU
		{637D2BA7-F38B-49B3-BE33-66C875F9B9B8}.Debug|Any CPU.Build.0 = Debug|Any CPU
		{637D2BA7-F38B-49B3-BE33-66C875F9B9B8}.Debug|ARM.ActiveCfg = Debug|Any CPU
		{637D2BA7-F38B-49B3-BE33-66C875F9B9B8}.Debug|ARM.Build.0 = Debug|Any CPU
		{637D2BA7-F38B-49B3-BE33-66C875F9B9B8}.Debug|ARM64.ActiveCfg = Debug|Any CPU
		{637D2BA7-F38B-49B3-BE33-66C875F9B9B8}.Debug|ARM64.Build.0 = Debug|Any CPU
		{637D2BA7-F38B-49B3-BE33-66C875F9B9B8}.Debug|x64.ActiveCfg = Debug|Any CPU
		{637D2BA7-F38B-49B3-BE33-66C875F9B9B8}.Debug|x64.Build.0 = Debug|Any CPU
		{637D2BA7-F38B-49B3-BE33-66C875F9B9B8}.Debug|x86.ActiveCfg = Debug|Any CPU
		{637D2BA7-F38B-49B3-BE33-66C875F9B9B8}.Debug|x86.Build.0 = Debug|Any CPU
		{637D2BA7-F38B-49B3-BE33-66C875F9B9B8}.Release|Any CPU.ActiveCfg = Release|Any CPU
		{637D2BA7-F38B-49B3-BE33-66C875F9B9B8}.Release|Any CPU.Build.0 = Release|Any CPU
		{637D2BA7-F38B-49B3-BE33-66C875F9B9B8}.Release|ARM.ActiveCfg = Release|Any CPU
		{637D2BA7-F38B-49B3-BE33-66C875F9B9B8}.Release|ARM.Build.0 = Release|Any CPU
		{637D2BA7-F38B-49B3-BE33-66C875F9B9B8}.Release|ARM64.ActiveCfg = Release|Any CPU
		{637D2BA7-F38B-49B3-BE33-66C875F9B9B8}.Release|ARM64.Build.0 = Release|Any CPU
		{637D2BA7-F38B-49B3-BE33-66C875F9B9B8}.Release|x64.ActiveCfg = Release|Any CPU
		{637D2BA7-F38B-49B3-BE33-66C875F9B9B8}.Release|x64.Build.0 = Release|Any CPU
		{637D2BA7-F38B-49B3-BE33-66C875F9B9B8}.Release|x86.ActiveCfg = Release|Any CPU
		{637D2BA7-F38B-49B3-BE33-66C875F9B9B8}.Release|x86.Build.0 = Release|Any CPU
		{512FD53F-9AD1-46A1-A961-9FABDFAD50C5}.Debug|Any CPU.ActiveCfg = Debug|Any CPU
		{512FD53F-9AD1-46A1-A961-9FABDFAD50C5}.Debug|Any CPU.Build.0 = Debug|Any CPU
		{512FD53F-9AD1-46A1-A961-9FABDFAD50C5}.Debug|ARM.ActiveCfg = Debug|Any CPU
		{512FD53F-9AD1-46A1-A961-9FABDFAD50C5}.Debug|ARM.Build.0 = Debug|Any CPU
		{512FD53F-9AD1-46A1-A961-9FABDFAD50C5}.Debug|ARM64.ActiveCfg = Debug|Any CPU
		{512FD53F-9AD1-46A1-A961-9FABDFAD50C5}.Debug|ARM64.Build.0 = Debug|Any CPU
		{512FD53F-9AD1-46A1-A961-9FABDFAD50C5}.Debug|x64.ActiveCfg = Debug|Any CPU
		{512FD53F-9AD1-46A1-A961-9FABDFAD50C5}.Debug|x64.Build.0 = Debug|Any CPU
		{512FD53F-9AD1-46A1-A961-9FABDFAD50C5}.Debug|x86.ActiveCfg = Debug|Any CPU
		{512FD53F-9AD1-46A1-A961-9FABDFAD50C5}.Debug|x86.Build.0 = Debug|Any CPU
		{512FD53F-9AD1-46A1-A961-9FABDFAD50C5}.Release|Any CPU.ActiveCfg = Release|Any CPU
		{512FD53F-9AD1-46A1-A961-9FABDFAD50C5}.Release|Any CPU.Build.0 = Release|Any CPU
		{512FD53F-9AD1-46A1-A961-9FABDFAD50C5}.Release|ARM.ActiveCfg = Release|Any CPU
		{512FD53F-9AD1-46A1-A961-9FABDFAD50C5}.Release|ARM.Build.0 = Release|Any CPU
		{512FD53F-9AD1-46A1-A961-9FABDFAD50C5}.Release|ARM64.ActiveCfg = Release|Any CPU
		{512FD53F-9AD1-46A1-A961-9FABDFAD50C5}.Release|ARM64.Build.0 = Release|Any CPU
		{512FD53F-9AD1-46A1-A961-9FABDFAD50C5}.Release|x64.ActiveCfg = Release|Any CPU
		{512FD53F-9AD1-46A1-A961-9FABDFAD50C5}.Release|x64.Build.0 = Release|Any CPU
		{512FD53F-9AD1-46A1-A961-9FABDFAD50C5}.Release|x86.ActiveCfg = Release|Any CPU
		{512FD53F-9AD1-46A1-A961-9FABDFAD50C5}.Release|x86.Build.0 = Release|Any CPU
		{4488EBF3-A09B-443E-B847-252B16E3E9AD}.Debug|Any CPU.ActiveCfg = Debug|Any CPU
		{4488EBF3-A09B-443E-B847-252B16E3E9AD}.Debug|Any CPU.Build.0 = Debug|Any CPU
		{4488EBF3-A09B-443E-B847-252B16E3E9AD}.Debug|ARM.ActiveCfg = Debug|Any CPU
		{4488EBF3-A09B-443E-B847-252B16E3E9AD}.Debug|ARM.Build.0 = Debug|Any CPU
		{4488EBF3-A09B-443E-B847-252B16E3E9AD}.Debug|ARM64.ActiveCfg = Debug|Any CPU
		{4488EBF3-A09B-443E-B847-252B16E3E9AD}.Debug|x64.ActiveCfg = Debug|Any CPU
		{4488EBF3-A09B-443E-B847-252B16E3E9AD}.Debug|x64.Build.0 = Debug|Any CPU
		{4488EBF3-A09B-443E-B847-252B16E3E9AD}.Debug|x86.ActiveCfg = Debug|Any CPU
		{4488EBF3-A09B-443E-B847-252B16E3E9AD}.Debug|x86.Build.0 = Debug|Any CPU
		{4488EBF3-A09B-443E-B847-252B16E3E9AD}.Release|Any CPU.ActiveCfg = Release|Any CPU
		{4488EBF3-A09B-443E-B847-252B16E3E9AD}.Release|Any CPU.Build.0 = Release|Any CPU
		{4488EBF3-A09B-443E-B847-252B16E3E9AD}.Release|ARM.ActiveCfg = Release|Any CPU
		{4488EBF3-A09B-443E-B847-252B16E3E9AD}.Release|ARM.Build.0 = Release|Any CPU
		{4488EBF3-A09B-443E-B847-252B16E3E9AD}.Release|ARM64.ActiveCfg = Release|Any CPU
		{4488EBF3-A09B-443E-B847-252B16E3E9AD}.Release|x64.ActiveCfg = Release|Any CPU
		{4488EBF3-A09B-443E-B847-252B16E3E9AD}.Release|x64.Build.0 = Release|Any CPU
		{4488EBF3-A09B-443E-B847-252B16E3E9AD}.Release|x86.ActiveCfg = Release|Any CPU
		{4488EBF3-A09B-443E-B847-252B16E3E9AD}.Release|x86.Build.0 = Release|Any CPU
		{3D0493EC-D6BF-47BA-8B62-FB9A31C66AF6}.Debug|Any CPU.ActiveCfg = Debug|Any CPU
		{3D0493EC-D6BF-47BA-8B62-FB9A31C66AF6}.Debug|Any CPU.Build.0 = Debug|Any CPU
		{3D0493EC-D6BF-47BA-8B62-FB9A31C66AF6}.Debug|ARM.ActiveCfg = Debug|Any CPU
		{3D0493EC-D6BF-47BA-8B62-FB9A31C66AF6}.Debug|ARM.Build.0 = Debug|Any CPU
		{3D0493EC-D6BF-47BA-8B62-FB9A31C66AF6}.Debug|ARM64.ActiveCfg = Debug|Any CPU
		{3D0493EC-D6BF-47BA-8B62-FB9A31C66AF6}.Debug|ARM64.Build.0 = Debug|Any CPU
		{3D0493EC-D6BF-47BA-8B62-FB9A31C66AF6}.Debug|x64.ActiveCfg = Debug|Any CPU
		{3D0493EC-D6BF-47BA-8B62-FB9A31C66AF6}.Debug|x64.Build.0 = Debug|Any CPU
		{3D0493EC-D6BF-47BA-8B62-FB9A31C66AF6}.Debug|x86.ActiveCfg = Debug|Any CPU
		{3D0493EC-D6BF-47BA-8B62-FB9A31C66AF6}.Debug|x86.Build.0 = Debug|Any CPU
		{3D0493EC-D6BF-47BA-8B62-FB9A31C66AF6}.Release|Any CPU.ActiveCfg = Release|Any CPU
		{3D0493EC-D6BF-47BA-8B62-FB9A31C66AF6}.Release|Any CPU.Build.0 = Release|Any CPU
		{3D0493EC-D6BF-47BA-8B62-FB9A31C66AF6}.Release|ARM.ActiveCfg = Release|Any CPU
		{3D0493EC-D6BF-47BA-8B62-FB9A31C66AF6}.Release|ARM.Build.0 = Release|Any CPU
		{3D0493EC-D6BF-47BA-8B62-FB9A31C66AF6}.Release|ARM64.ActiveCfg = Release|Any CPU
		{3D0493EC-D6BF-47BA-8B62-FB9A31C66AF6}.Release|ARM64.Build.0 = Release|Any CPU
		{3D0493EC-D6BF-47BA-8B62-FB9A31C66AF6}.Release|x64.ActiveCfg = Release|Any CPU
		{3D0493EC-D6BF-47BA-8B62-FB9A31C66AF6}.Release|x64.Build.0 = Release|Any CPU
		{3D0493EC-D6BF-47BA-8B62-FB9A31C66AF6}.Release|x86.ActiveCfg = Release|Any CPU
		{3D0493EC-D6BF-47BA-8B62-FB9A31C66AF6}.Release|x86.Build.0 = Release|Any CPU
		{BECA401C-2612-49C8-B531-0E6655EF84DD}.Debug|Any CPU.ActiveCfg = Debug|Any CPU
		{BECA401C-2612-49C8-B531-0E6655EF84DD}.Debug|Any CPU.Build.0 = Debug|Any CPU
		{BECA401C-2612-49C8-B531-0E6655EF84DD}.Debug|ARM.ActiveCfg = Debug|Any CPU
		{BECA401C-2612-49C8-B531-0E6655EF84DD}.Debug|ARM.Build.0 = Debug|Any CPU
		{BECA401C-2612-49C8-B531-0E6655EF84DD}.Debug|ARM64.ActiveCfg = Debug|Any CPU
		{BECA401C-2612-49C8-B531-0E6655EF84DD}.Debug|ARM64.Build.0 = Debug|Any CPU
		{BECA401C-2612-49C8-B531-0E6655EF84DD}.Debug|x64.ActiveCfg = Debug|Any CPU
		{BECA401C-2612-49C8-B531-0E6655EF84DD}.Debug|x64.Build.0 = Debug|Any CPU
		{BECA401C-2612-49C8-B531-0E6655EF84DD}.Debug|x86.ActiveCfg = Debug|Any CPU
		{BECA401C-2612-49C8-B531-0E6655EF84DD}.Debug|x86.Build.0 = Debug|Any CPU
		{BECA401C-2612-49C8-B531-0E6655EF84DD}.Release|Any CPU.ActiveCfg = Release|Any CPU
		{BECA401C-2612-49C8-B531-0E6655EF84DD}.Release|Any CPU.Build.0 = Release|Any CPU
		{BECA401C-2612-49C8-B531-0E6655EF84DD}.Release|ARM.ActiveCfg = Release|Any CPU
		{BECA401C-2612-49C8-B531-0E6655EF84DD}.Release|ARM.Build.0 = Release|Any CPU
		{BECA401C-2612-49C8-B531-0E6655EF84DD}.Release|ARM64.ActiveCfg = Release|Any CPU
		{BECA401C-2612-49C8-B531-0E6655EF84DD}.Release|ARM64.Build.0 = Release|Any CPU
		{BECA401C-2612-49C8-B531-0E6655EF84DD}.Release|x64.ActiveCfg = Release|Any CPU
		{BECA401C-2612-49C8-B531-0E6655EF84DD}.Release|x64.Build.0 = Release|Any CPU
		{BECA401C-2612-49C8-B531-0E6655EF84DD}.Release|x86.ActiveCfg = Release|Any CPU
		{BECA401C-2612-49C8-B531-0E6655EF84DD}.Release|x86.Build.0 = Release|Any CPU
		{288DBB38-D086-4C55-99DD-7BDA611504D5}.Debug|Any CPU.ActiveCfg = Debug|Any CPU
		{288DBB38-D086-4C55-99DD-7BDA611504D5}.Debug|Any CPU.Build.0 = Debug|Any CPU
		{288DBB38-D086-4C55-99DD-7BDA611504D5}.Debug|ARM.ActiveCfg = Debug|Any CPU
		{288DBB38-D086-4C55-99DD-7BDA611504D5}.Debug|ARM.Build.0 = Debug|Any CPU
		{288DBB38-D086-4C55-99DD-7BDA611504D5}.Debug|ARM64.ActiveCfg = Debug|Any CPU
		{288DBB38-D086-4C55-99DD-7BDA611504D5}.Debug|ARM64.Build.0 = Debug|Any CPU
		{288DBB38-D086-4C55-99DD-7BDA611504D5}.Debug|x64.ActiveCfg = Debug|Any CPU
		{288DBB38-D086-4C55-99DD-7BDA611504D5}.Debug|x64.Build.0 = Debug|Any CPU
		{288DBB38-D086-4C55-99DD-7BDA611504D5}.Debug|x86.ActiveCfg = Debug|Any CPU
		{288DBB38-D086-4C55-99DD-7BDA611504D5}.Debug|x86.Build.0 = Debug|Any CPU
		{288DBB38-D086-4C55-99DD-7BDA611504D5}.Release|Any CPU.ActiveCfg = Release|Any CPU
		{288DBB38-D086-4C55-99DD-7BDA611504D5}.Release|Any CPU.Build.0 = Release|Any CPU
		{288DBB38-D086-4C55-99DD-7BDA611504D5}.Release|ARM.ActiveCfg = Release|Any CPU
		{288DBB38-D086-4C55-99DD-7BDA611504D5}.Release|ARM.Build.0 = Release|Any CPU
		{288DBB38-D086-4C55-99DD-7BDA611504D5}.Release|ARM64.ActiveCfg = Release|Any CPU
		{288DBB38-D086-4C55-99DD-7BDA611504D5}.Release|ARM64.Build.0 = Release|Any CPU
		{288DBB38-D086-4C55-99DD-7BDA611504D5}.Release|x64.ActiveCfg = Release|Any CPU
		{288DBB38-D086-4C55-99DD-7BDA611504D5}.Release|x64.Build.0 = Release|Any CPU
		{288DBB38-D086-4C55-99DD-7BDA611504D5}.Release|x86.ActiveCfg = Release|Any CPU
		{288DBB38-D086-4C55-99DD-7BDA611504D5}.Release|x86.Build.0 = Release|Any CPU
		{926F5036-E088-4C57-ACDF-A4580753B8E3}.Debug|Any CPU.ActiveCfg = Debug|Any CPU
		{926F5036-E088-4C57-ACDF-A4580753B8E3}.Debug|Any CPU.Build.0 = Debug|Any CPU
		{926F5036-E088-4C57-ACDF-A4580753B8E3}.Debug|ARM.ActiveCfg = Debug|Any CPU
		{926F5036-E088-4C57-ACDF-A4580753B8E3}.Debug|ARM.Build.0 = Debug|Any CPU
		{926F5036-E088-4C57-ACDF-A4580753B8E3}.Debug|ARM64.ActiveCfg = Debug|Any CPU
		{926F5036-E088-4C57-ACDF-A4580753B8E3}.Debug|ARM64.Build.0 = Debug|Any CPU
		{926F5036-E088-4C57-ACDF-A4580753B8E3}.Debug|x64.ActiveCfg = Debug|Any CPU
		{926F5036-E088-4C57-ACDF-A4580753B8E3}.Debug|x64.Build.0 = Debug|Any CPU
		{926F5036-E088-4C57-ACDF-A4580753B8E3}.Debug|x86.ActiveCfg = Debug|Any CPU
		{926F5036-E088-4C57-ACDF-A4580753B8E3}.Debug|x86.Build.0 = Debug|Any CPU
		{926F5036-E088-4C57-ACDF-A4580753B8E3}.Release|Any CPU.ActiveCfg = Release|Any CPU
		{926F5036-E088-4C57-ACDF-A4580753B8E3}.Release|Any CPU.Build.0 = Release|Any CPU
		{926F5036-E088-4C57-ACDF-A4580753B8E3}.Release|ARM.ActiveCfg = Release|Any CPU
		{926F5036-E088-4C57-ACDF-A4580753B8E3}.Release|ARM.Build.0 = Release|Any CPU
		{926F5036-E088-4C57-ACDF-A4580753B8E3}.Release|ARM64.ActiveCfg = Release|Any CPU
		{926F5036-E088-4C57-ACDF-A4580753B8E3}.Release|ARM64.Build.0 = Release|Any CPU
		{926F5036-E088-4C57-ACDF-A4580753B8E3}.Release|x64.ActiveCfg = Release|Any CPU
		{926F5036-E088-4C57-ACDF-A4580753B8E3}.Release|x64.Build.0 = Release|Any CPU
		{926F5036-E088-4C57-ACDF-A4580753B8E3}.Release|x86.ActiveCfg = Release|Any CPU
		{926F5036-E088-4C57-ACDF-A4580753B8E3}.Release|x86.Build.0 = Release|Any CPU
		{84571057-8D62-4A34-AA00-91858A93C124}.Debug|Any CPU.ActiveCfg = Debug|Any CPU
		{84571057-8D62-4A34-AA00-91858A93C124}.Debug|Any CPU.Build.0 = Debug|Any CPU
		{84571057-8D62-4A34-AA00-91858A93C124}.Debug|ARM.ActiveCfg = Debug|ARM
		{84571057-8D62-4A34-AA00-91858A93C124}.Debug|ARM.Build.0 = Debug|ARM
		{84571057-8D62-4A34-AA00-91858A93C124}.Debug|ARM64.ActiveCfg = Debug|Any CPU
		{84571057-8D62-4A34-AA00-91858A93C124}.Debug|ARM64.Build.0 = Debug|Any CPU
		{84571057-8D62-4A34-AA00-91858A93C124}.Debug|x64.ActiveCfg = Debug|x64
		{84571057-8D62-4A34-AA00-91858A93C124}.Debug|x64.Build.0 = Debug|x64
		{84571057-8D62-4A34-AA00-91858A93C124}.Debug|x86.ActiveCfg = Debug|x86
		{84571057-8D62-4A34-AA00-91858A93C124}.Debug|x86.Build.0 = Debug|x86
		{84571057-8D62-4A34-AA00-91858A93C124}.Release|Any CPU.ActiveCfg = Release|Any CPU
		{84571057-8D62-4A34-AA00-91858A93C124}.Release|Any CPU.Build.0 = Release|Any CPU
		{84571057-8D62-4A34-AA00-91858A93C124}.Release|ARM.ActiveCfg = Release|ARM
		{84571057-8D62-4A34-AA00-91858A93C124}.Release|ARM.Build.0 = Release|ARM
		{84571057-8D62-4A34-AA00-91858A93C124}.Release|ARM64.ActiveCfg = Release|Any CPU
		{84571057-8D62-4A34-AA00-91858A93C124}.Release|ARM64.Build.0 = Release|Any CPU
		{84571057-8D62-4A34-AA00-91858A93C124}.Release|x64.ActiveCfg = Release|x64
		{84571057-8D62-4A34-AA00-91858A93C124}.Release|x64.Build.0 = Release|x64
		{84571057-8D62-4A34-AA00-91858A93C124}.Release|x86.ActiveCfg = Release|x86
		{84571057-8D62-4A34-AA00-91858A93C124}.Release|x86.Build.0 = Release|x86
		{4A456836-01B8-4917-958D-C88A27A867EC}.Debug|Any CPU.ActiveCfg = Debug|Any CPU
		{4A456836-01B8-4917-958D-C88A27A867EC}.Debug|Any CPU.Build.0 = Debug|Any CPU
		{4A456836-01B8-4917-958D-C88A27A867EC}.Debug|ARM.ActiveCfg = Debug|Any CPU
		{4A456836-01B8-4917-958D-C88A27A867EC}.Debug|ARM.Build.0 = Debug|Any CPU
		{4A456836-01B8-4917-958D-C88A27A867EC}.Debug|ARM64.ActiveCfg = Debug|Any CPU
		{4A456836-01B8-4917-958D-C88A27A867EC}.Debug|ARM64.Build.0 = Debug|Any CPU
		{4A456836-01B8-4917-958D-C88A27A867EC}.Debug|x64.ActiveCfg = Debug|Any CPU
		{4A456836-01B8-4917-958D-C88A27A867EC}.Debug|x64.Build.0 = Debug|Any CPU
		{4A456836-01B8-4917-958D-C88A27A867EC}.Debug|x86.ActiveCfg = Debug|Any CPU
		{4A456836-01B8-4917-958D-C88A27A867EC}.Debug|x86.Build.0 = Debug|Any CPU
		{4A456836-01B8-4917-958D-C88A27A867EC}.Release|Any CPU.ActiveCfg = Release|Any CPU
		{4A456836-01B8-4917-958D-C88A27A867EC}.Release|Any CPU.Build.0 = Release|Any CPU
		{4A456836-01B8-4917-958D-C88A27A867EC}.Release|ARM.ActiveCfg = Release|Any CPU
		{4A456836-01B8-4917-958D-C88A27A867EC}.Release|ARM.Build.0 = Release|Any CPU
		{4A456836-01B8-4917-958D-C88A27A867EC}.Release|ARM64.ActiveCfg = Release|Any CPU
		{4A456836-01B8-4917-958D-C88A27A867EC}.Release|ARM64.Build.0 = Release|Any CPU
		{4A456836-01B8-4917-958D-C88A27A867EC}.Release|x64.ActiveCfg = Release|Any CPU
		{4A456836-01B8-4917-958D-C88A27A867EC}.Release|x64.Build.0 = Release|Any CPU
		{4A456836-01B8-4917-958D-C88A27A867EC}.Release|x86.ActiveCfg = Release|Any CPU
		{4A456836-01B8-4917-958D-C88A27A867EC}.Release|x86.Build.0 = Release|Any CPU
		{C8120C2F-7774-4BE8-B793-3E029A5574A4}.Debug|Any CPU.ActiveCfg = Debug|Any CPU
		{C8120C2F-7774-4BE8-B793-3E029A5574A4}.Debug|Any CPU.Build.0 = Debug|Any CPU
		{C8120C2F-7774-4BE8-B793-3E029A5574A4}.Debug|ARM.ActiveCfg = Debug|Any CPU
		{C8120C2F-7774-4BE8-B793-3E029A5574A4}.Debug|ARM.Build.0 = Debug|Any CPU
		{C8120C2F-7774-4BE8-B793-3E029A5574A4}.Debug|ARM64.ActiveCfg = Debug|Any CPU
		{C8120C2F-7774-4BE8-B793-3E029A5574A4}.Debug|ARM64.Build.0 = Debug|Any CPU
		{C8120C2F-7774-4BE8-B793-3E029A5574A4}.Debug|x64.ActiveCfg = Debug|Any CPU
		{C8120C2F-7774-4BE8-B793-3E029A5574A4}.Debug|x64.Build.0 = Debug|Any CPU
		{C8120C2F-7774-4BE8-B793-3E029A5574A4}.Debug|x86.ActiveCfg = Debug|Any CPU
		{C8120C2F-7774-4BE8-B793-3E029A5574A4}.Debug|x86.Build.0 = Debug|Any CPU
		{C8120C2F-7774-4BE8-B793-3E029A5574A4}.Release|Any CPU.ActiveCfg = Release|Any CPU
		{C8120C2F-7774-4BE8-B793-3E029A5574A4}.Release|Any CPU.Build.0 = Release|Any CPU
		{C8120C2F-7774-4BE8-B793-3E029A5574A4}.Release|ARM.ActiveCfg = Release|Any CPU
		{C8120C2F-7774-4BE8-B793-3E029A5574A4}.Release|ARM.Build.0 = Release|Any CPU
		{C8120C2F-7774-4BE8-B793-3E029A5574A4}.Release|ARM64.ActiveCfg = Release|Any CPU
		{C8120C2F-7774-4BE8-B793-3E029A5574A4}.Release|ARM64.Build.0 = Release|Any CPU
		{C8120C2F-7774-4BE8-B793-3E029A5574A4}.Release|x64.ActiveCfg = Release|Any CPU
		{C8120C2F-7774-4BE8-B793-3E029A5574A4}.Release|x64.Build.0 = Release|Any CPU
		{C8120C2F-7774-4BE8-B793-3E029A5574A4}.Release|x86.ActiveCfg = Release|Any CPU
		{C8120C2F-7774-4BE8-B793-3E029A5574A4}.Release|x86.Build.0 = Release|Any CPU
		{21F53C1D-E671-4776-B9DB-B7ABC64ED1DA}.Debug|Any CPU.ActiveCfg = Debug|Any CPU
		{21F53C1D-E671-4776-B9DB-B7ABC64ED1DA}.Debug|Any CPU.Build.0 = Debug|Any CPU
		{21F53C1D-E671-4776-B9DB-B7ABC64ED1DA}.Debug|ARM.ActiveCfg = Debug|Any CPU
		{21F53C1D-E671-4776-B9DB-B7ABC64ED1DA}.Debug|ARM.Build.0 = Debug|Any CPU
		{21F53C1D-E671-4776-B9DB-B7ABC64ED1DA}.Debug|ARM64.ActiveCfg = Debug|Any CPU
		{21F53C1D-E671-4776-B9DB-B7ABC64ED1DA}.Debug|ARM64.Build.0 = Debug|Any CPU
		{21F53C1D-E671-4776-B9DB-B7ABC64ED1DA}.Debug|x64.ActiveCfg = Debug|Any CPU
		{21F53C1D-E671-4776-B9DB-B7ABC64ED1DA}.Debug|x64.Build.0 = Debug|Any CPU
		{21F53C1D-E671-4776-B9DB-B7ABC64ED1DA}.Debug|x86.ActiveCfg = Debug|Any CPU
		{21F53C1D-E671-4776-B9DB-B7ABC64ED1DA}.Debug|x86.Build.0 = Debug|Any CPU
		{21F53C1D-E671-4776-B9DB-B7ABC64ED1DA}.Release|Any CPU.ActiveCfg = Release|Any CPU
		{21F53C1D-E671-4776-B9DB-B7ABC64ED1DA}.Release|Any CPU.Build.0 = Release|Any CPU
		{21F53C1D-E671-4776-B9DB-B7ABC64ED1DA}.Release|ARM.ActiveCfg = Release|Any CPU
		{21F53C1D-E671-4776-B9DB-B7ABC64ED1DA}.Release|ARM.Build.0 = Release|Any CPU
		{21F53C1D-E671-4776-B9DB-B7ABC64ED1DA}.Release|ARM64.ActiveCfg = Release|Any CPU
		{21F53C1D-E671-4776-B9DB-B7ABC64ED1DA}.Release|ARM64.Build.0 = Release|Any CPU
		{21F53C1D-E671-4776-B9DB-B7ABC64ED1DA}.Release|x64.ActiveCfg = Release|Any CPU
		{21F53C1D-E671-4776-B9DB-B7ABC64ED1DA}.Release|x64.Build.0 = Release|Any CPU
		{21F53C1D-E671-4776-B9DB-B7ABC64ED1DA}.Release|x86.ActiveCfg = Release|Any CPU
		{21F53C1D-E671-4776-B9DB-B7ABC64ED1DA}.Release|x86.Build.0 = Release|Any CPU
		{23C77F4F-2681-4B53-B8A8-0D174D915608}.Debug|Any CPU.ActiveCfg = Debug|Any CPU
		{23C77F4F-2681-4B53-B8A8-0D174D915608}.Debug|Any CPU.Build.0 = Debug|Any CPU
		{23C77F4F-2681-4B53-B8A8-0D174D915608}.Debug|ARM.ActiveCfg = Debug|Any CPU
		{23C77F4F-2681-4B53-B8A8-0D174D915608}.Debug|ARM.Build.0 = Debug|Any CPU
		{23C77F4F-2681-4B53-B8A8-0D174D915608}.Debug|ARM64.ActiveCfg = Debug|Any CPU
		{23C77F4F-2681-4B53-B8A8-0D174D915608}.Debug|ARM64.Build.0 = Debug|Any CPU
		{23C77F4F-2681-4B53-B8A8-0D174D915608}.Debug|x64.ActiveCfg = Debug|Any CPU
		{23C77F4F-2681-4B53-B8A8-0D174D915608}.Debug|x64.Build.0 = Debug|Any CPU
		{23C77F4F-2681-4B53-B8A8-0D174D915608}.Debug|x86.ActiveCfg = Debug|Any CPU
		{23C77F4F-2681-4B53-B8A8-0D174D915608}.Debug|x86.Build.0 = Debug|Any CPU
		{23C77F4F-2681-4B53-B8A8-0D174D915608}.Release|Any CPU.ActiveCfg = Release|Any CPU
		{23C77F4F-2681-4B53-B8A8-0D174D915608}.Release|Any CPU.Build.0 = Release|Any CPU
		{23C77F4F-2681-4B53-B8A8-0D174D915608}.Release|ARM.ActiveCfg = Release|Any CPU
		{23C77F4F-2681-4B53-B8A8-0D174D915608}.Release|ARM.Build.0 = Release|Any CPU
		{23C77F4F-2681-4B53-B8A8-0D174D915608}.Release|ARM64.ActiveCfg = Release|Any CPU
		{23C77F4F-2681-4B53-B8A8-0D174D915608}.Release|ARM64.Build.0 = Release|Any CPU
		{23C77F4F-2681-4B53-B8A8-0D174D915608}.Release|x64.ActiveCfg = Release|Any CPU
		{23C77F4F-2681-4B53-B8A8-0D174D915608}.Release|x64.Build.0 = Release|Any CPU
		{23C77F4F-2681-4B53-B8A8-0D174D915608}.Release|x86.ActiveCfg = Release|Any CPU
		{23C77F4F-2681-4B53-B8A8-0D174D915608}.Release|x86.Build.0 = Release|Any CPU
		{5AEA9300-BBCD-4DF7-AD1C-27BE11336E3F}.Debug|Any CPU.ActiveCfg = Debug|Any CPU
		{5AEA9300-BBCD-4DF7-AD1C-27BE11336E3F}.Debug|Any CPU.Build.0 = Debug|Any CPU
		{5AEA9300-BBCD-4DF7-AD1C-27BE11336E3F}.Debug|ARM.ActiveCfg = Debug|Any CPU
		{5AEA9300-BBCD-4DF7-AD1C-27BE11336E3F}.Debug|ARM.Build.0 = Debug|Any CPU
		{5AEA9300-BBCD-4DF7-AD1C-27BE11336E3F}.Debug|ARM64.ActiveCfg = Debug|Any CPU
		{5AEA9300-BBCD-4DF7-AD1C-27BE11336E3F}.Debug|ARM64.Build.0 = Debug|Any CPU
		{5AEA9300-BBCD-4DF7-AD1C-27BE11336E3F}.Debug|x64.ActiveCfg = Debug|Any CPU
		{5AEA9300-BBCD-4DF7-AD1C-27BE11336E3F}.Debug|x64.Build.0 = Debug|Any CPU
		{5AEA9300-BBCD-4DF7-AD1C-27BE11336E3F}.Debug|x86.ActiveCfg = Debug|Any CPU
		{5AEA9300-BBCD-4DF7-AD1C-27BE11336E3F}.Debug|x86.Build.0 = Debug|Any CPU
		{5AEA9300-BBCD-4DF7-AD1C-27BE11336E3F}.Release|Any CPU.ActiveCfg = Release|Any CPU
		{5AEA9300-BBCD-4DF7-AD1C-27BE11336E3F}.Release|Any CPU.Build.0 = Release|Any CPU
		{5AEA9300-BBCD-4DF7-AD1C-27BE11336E3F}.Release|ARM.ActiveCfg = Release|Any CPU
		{5AEA9300-BBCD-4DF7-AD1C-27BE11336E3F}.Release|ARM.Build.0 = Release|Any CPU
		{5AEA9300-BBCD-4DF7-AD1C-27BE11336E3F}.Release|ARM64.ActiveCfg = Release|Any CPU
		{5AEA9300-BBCD-4DF7-AD1C-27BE11336E3F}.Release|ARM64.Build.0 = Release|Any CPU
		{5AEA9300-BBCD-4DF7-AD1C-27BE11336E3F}.Release|x64.ActiveCfg = Release|Any CPU
		{5AEA9300-BBCD-4DF7-AD1C-27BE11336E3F}.Release|x64.Build.0 = Release|Any CPU
		{5AEA9300-BBCD-4DF7-AD1C-27BE11336E3F}.Release|x86.ActiveCfg = Release|Any CPU
		{5AEA9300-BBCD-4DF7-AD1C-27BE11336E3F}.Release|x86.Build.0 = Release|Any CPU
		{F4AF2EBE-4208-4708-97CE-47D3AE972873}.Debug|Any CPU.ActiveCfg = Debug|Any CPU
		{F4AF2EBE-4208-4708-97CE-47D3AE972873}.Debug|Any CPU.Build.0 = Debug|Any CPU
		{F4AF2EBE-4208-4708-97CE-47D3AE972873}.Debug|ARM.ActiveCfg = Debug|Any CPU
		{F4AF2EBE-4208-4708-97CE-47D3AE972873}.Debug|ARM.Build.0 = Debug|Any CPU
		{F4AF2EBE-4208-4708-97CE-47D3AE972873}.Debug|ARM64.ActiveCfg = Debug|Any CPU
		{F4AF2EBE-4208-4708-97CE-47D3AE972873}.Debug|ARM64.Build.0 = Debug|Any CPU
		{F4AF2EBE-4208-4708-97CE-47D3AE972873}.Debug|x64.ActiveCfg = Debug|Any CPU
		{F4AF2EBE-4208-4708-97CE-47D3AE972873}.Debug|x64.Build.0 = Debug|Any CPU
		{F4AF2EBE-4208-4708-97CE-47D3AE972873}.Debug|x86.ActiveCfg = Debug|Any CPU
		{F4AF2EBE-4208-4708-97CE-47D3AE972873}.Debug|x86.Build.0 = Debug|Any CPU
		{F4AF2EBE-4208-4708-97CE-47D3AE972873}.Release|Any CPU.ActiveCfg = Release|Any CPU
		{F4AF2EBE-4208-4708-97CE-47D3AE972873}.Release|Any CPU.Build.0 = Release|Any CPU
		{F4AF2EBE-4208-4708-97CE-47D3AE972873}.Release|ARM.ActiveCfg = Release|Any CPU
		{F4AF2EBE-4208-4708-97CE-47D3AE972873}.Release|ARM.Build.0 = Release|Any CPU
		{F4AF2EBE-4208-4708-97CE-47D3AE972873}.Release|ARM64.ActiveCfg = Release|Any CPU
		{F4AF2EBE-4208-4708-97CE-47D3AE972873}.Release|ARM64.Build.0 = Release|Any CPU
		{F4AF2EBE-4208-4708-97CE-47D3AE972873}.Release|x64.ActiveCfg = Release|Any CPU
		{F4AF2EBE-4208-4708-97CE-47D3AE972873}.Release|x64.Build.0 = Release|Any CPU
		{F4AF2EBE-4208-4708-97CE-47D3AE972873}.Release|x86.ActiveCfg = Release|Any CPU
		{F4AF2EBE-4208-4708-97CE-47D3AE972873}.Release|x86.Build.0 = Release|Any CPU
		{330877E5-6009-4A1D-82A7-8F64BE5E26E5}.Debug|Any CPU.ActiveCfg = Debug|Any CPU
		{330877E5-6009-4A1D-82A7-8F64BE5E26E5}.Debug|Any CPU.Build.0 = Debug|Any CPU
		{330877E5-6009-4A1D-82A7-8F64BE5E26E5}.Debug|ARM.ActiveCfg = Debug|Any CPU
		{330877E5-6009-4A1D-82A7-8F64BE5E26E5}.Debug|ARM.Build.0 = Debug|Any CPU
		{330877E5-6009-4A1D-82A7-8F64BE5E26E5}.Debug|ARM64.ActiveCfg = Debug|Any CPU
		{330877E5-6009-4A1D-82A7-8F64BE5E26E5}.Debug|ARM64.Build.0 = Debug|Any CPU
		{330877E5-6009-4A1D-82A7-8F64BE5E26E5}.Debug|x64.ActiveCfg = Debug|Any CPU
		{330877E5-6009-4A1D-82A7-8F64BE5E26E5}.Debug|x64.Build.0 = Debug|Any CPU
		{330877E5-6009-4A1D-82A7-8F64BE5E26E5}.Debug|x86.ActiveCfg = Debug|Any CPU
		{330877E5-6009-4A1D-82A7-8F64BE5E26E5}.Debug|x86.Build.0 = Debug|Any CPU
		{330877E5-6009-4A1D-82A7-8F64BE5E26E5}.Release|Any CPU.ActiveCfg = Release|Any CPU
		{330877E5-6009-4A1D-82A7-8F64BE5E26E5}.Release|Any CPU.Build.0 = Release|Any CPU
		{330877E5-6009-4A1D-82A7-8F64BE5E26E5}.Release|ARM.ActiveCfg = Release|Any CPU
		{330877E5-6009-4A1D-82A7-8F64BE5E26E5}.Release|ARM.Build.0 = Release|Any CPU
		{330877E5-6009-4A1D-82A7-8F64BE5E26E5}.Release|ARM64.ActiveCfg = Release|Any CPU
		{330877E5-6009-4A1D-82A7-8F64BE5E26E5}.Release|ARM64.Build.0 = Release|Any CPU
		{330877E5-6009-4A1D-82A7-8F64BE5E26E5}.Release|x64.ActiveCfg = Release|Any CPU
		{330877E5-6009-4A1D-82A7-8F64BE5E26E5}.Release|x64.Build.0 = Release|Any CPU
		{330877E5-6009-4A1D-82A7-8F64BE5E26E5}.Release|x86.ActiveCfg = Release|Any CPU
		{330877E5-6009-4A1D-82A7-8F64BE5E26E5}.Release|x86.Build.0 = Release|Any CPU
		{35CB5B08-7CD1-463C-8B53-8AC9F92F3ABA}.Debug|Any CPU.ActiveCfg = Debug|Any CPU
		{35CB5B08-7CD1-463C-8B53-8AC9F92F3ABA}.Debug|Any CPU.Build.0 = Debug|Any CPU
		{35CB5B08-7CD1-463C-8B53-8AC9F92F3ABA}.Debug|ARM.ActiveCfg = Debug|Any CPU
		{35CB5B08-7CD1-463C-8B53-8AC9F92F3ABA}.Debug|ARM.Build.0 = Debug|Any CPU
		{35CB5B08-7CD1-463C-8B53-8AC9F92F3ABA}.Debug|ARM64.ActiveCfg = Debug|Any CPU
		{35CB5B08-7CD1-463C-8B53-8AC9F92F3ABA}.Debug|ARM64.Build.0 = Debug|Any CPU
		{35CB5B08-7CD1-463C-8B53-8AC9F92F3ABA}.Debug|x64.ActiveCfg = Debug|Any CPU
		{35CB5B08-7CD1-463C-8B53-8AC9F92F3ABA}.Debug|x64.Build.0 = Debug|Any CPU
		{35CB5B08-7CD1-463C-8B53-8AC9F92F3ABA}.Debug|x86.ActiveCfg = Debug|Any CPU
		{35CB5B08-7CD1-463C-8B53-8AC9F92F3ABA}.Debug|x86.Build.0 = Debug|Any CPU
		{35CB5B08-7CD1-463C-8B53-8AC9F92F3ABA}.Release|Any CPU.ActiveCfg = Release|Any CPU
		{35CB5B08-7CD1-463C-8B53-8AC9F92F3ABA}.Release|Any CPU.Build.0 = Release|Any CPU
		{35CB5B08-7CD1-463C-8B53-8AC9F92F3ABA}.Release|ARM.ActiveCfg = Release|Any CPU
		{35CB5B08-7CD1-463C-8B53-8AC9F92F3ABA}.Release|ARM.Build.0 = Release|Any CPU
		{35CB5B08-7CD1-463C-8B53-8AC9F92F3ABA}.Release|ARM64.ActiveCfg = Release|Any CPU
		{35CB5B08-7CD1-463C-8B53-8AC9F92F3ABA}.Release|ARM64.Build.0 = Release|Any CPU
		{35CB5B08-7CD1-463C-8B53-8AC9F92F3ABA}.Release|x64.ActiveCfg = Release|Any CPU
		{35CB5B08-7CD1-463C-8B53-8AC9F92F3ABA}.Release|x64.Build.0 = Release|Any CPU
		{35CB5B08-7CD1-463C-8B53-8AC9F92F3ABA}.Release|x86.ActiveCfg = Release|Any CPU
		{35CB5B08-7CD1-463C-8B53-8AC9F92F3ABA}.Release|x86.Build.0 = Release|Any CPU
	EndGlobalSection
	GlobalSection(SolutionProperties) = preSolution
		HideSolutionNode = FALSE
	EndGlobalSection
	GlobalSection(NestedProjects) = preSolution
		{637D2BA7-F38B-49B3-BE33-66C875F9B9B8} = {80F802F1-8591-4145-8665-212413FFAADE}
		{512FD53F-9AD1-46A1-A961-9FABDFAD50C5} = {80F802F1-8591-4145-8665-212413FFAADE}
		{4488EBF3-A09B-443E-B847-252B16E3E9AD} = {175ECC0A-5F43-4677-9431-8B344E42A956}
		{3D0493EC-D6BF-47BA-8B62-FB9A31C66AF6} = {B55D3E97-2FB8-414E-99BC-F244E78C6E0A}
		{BECA401C-2612-49C8-B531-0E6655EF84DD} = {175ECC0A-5F43-4677-9431-8B344E42A956}
		{288DBB38-D086-4C55-99DD-7BDA611504D5} = {80F802F1-8591-4145-8665-212413FFAADE}
		{926F5036-E088-4C57-ACDF-A4580753B8E3} = {B55D3E97-2FB8-414E-99BC-F244E78C6E0A}
		{84571057-8D62-4A34-AA00-91858A93C124} = {98A0A453-E410-46B9-AA91-E959900D0692}
		{4A456836-01B8-4917-958D-C88A27A867EC} = {7D213C7C-947A-4008-81ED-EECCC53C2B4E}
		{C8120C2F-7774-4BE8-B793-3E029A5574A4} = {41943FD1-0E37-4D44-B851-2384CF6E5885}
		{21F53C1D-E671-4776-B9DB-B7ABC64ED1DA} = {41943FD1-0E37-4D44-B851-2384CF6E5885}
		{23C77F4F-2681-4B53-B8A8-0D174D915608} = {41943FD1-0E37-4D44-B851-2384CF6E5885}
		{5AEA9300-BBCD-4DF7-AD1C-27BE11336E3F} = {41943FD1-0E37-4D44-B851-2384CF6E5885}
		{F4AF2EBE-4208-4708-97CE-47D3AE972873} = {41943FD1-0E37-4D44-B851-2384CF6E5885}
		{330877E5-6009-4A1D-82A7-8F64BE5E26E5} = {41943FD1-0E37-4D44-B851-2384CF6E5885}
		{35CB5B08-7CD1-463C-8B53-8AC9F92F3ABA} = {41943FD1-0E37-4D44-B851-2384CF6E5885}
	EndGlobalSection
	GlobalSection(ExtensibilityGlobals) = postSolution
		SolutionGuid = {04EA9CF6-E14B-4C9A-9FCA-3FE4253D123A}
	EndGlobalSection
EndGlobal
