
Microsoft Visual Studio Solution File, Format Version 12.00
# Visual Studio 15
VisualStudioVersion = 15.0.27130.0
MinimumVisualStudioVersion = 10.0.40219.1
Project("{FAE04EC0-301F-11D3-BF4B-00C04F79EFBC}") = "WinUX.UWP.Xaml", "..\WinUX-UWP-Toolkit\WinUX\WinUX.UWP.Xaml\WinUX.UWP.Xaml.csproj", "{0D958504-42C8-4B04-B9A7-2C6CB6E8009C}"
EndProject
Project("{FAE04EC0-301F-11D3-BF4B-00C04F79EFBC}") = "WinUX.UWP.Xaml.Controls", "..\WinUX-UWP-Toolkit\WinUX\WinUX.UWP.Xaml.Controls\WinUX.UWP.Xaml.Controls.csproj", "{FDE2EB93-C994-4C49-8B72-808911A38194}"
EndProject
Project("{FAE04EC0-301F-11D3-BF4B-00C04F79EFBC}") = "theRightDirection.WPF.Xaml", "theRightDirection.WPF.Xaml\theRightDirection.WPF.Xaml.csproj", "{637D2BA7-F38B-49B3-BE33-66C875F9B9B8}"
EndProject
Project("{FAE04EC0-301F-11D3-BF4B-00C04F79EFBC}") = "theRightDirection.WPF.Xaml.Controls", "theRightDirection.WPF.Controls\theRightDirection.WPF.Xaml.Controls.csproj", "{512FD53F-9AD1-46A1-A961-9FABDFAD50C5}"
EndProject
Project("{2150E333-8FDC-42A3-9474-1A3956D46DE8}") = "UWP", "UWP", "{98A0A453-E410-46B9-AA91-E959900D0692}"
EndProject
Project("{2150E333-8FDC-42A3-9474-1A3956D46DE8}") = "WPF", "WPF", "{80F802F1-8591-4145-8665-212413FFAADE}"
EndProject
Global
	GlobalSection(SolutionConfigurationPlatforms) = preSolution
		Debug|Any CPU = Debug|Any CPU
		Debug|ARM = Debug|ARM
		Debug|x64 = Debug|x64
		Debug|x86 = Debug|x86
		MyMoneyApp|Any CPU = MyMoneyApp|Any CPU
		MyMoneyApp|ARM = MyMoneyApp|ARM
		MyMoneyApp|x64 = MyMoneyApp|x64
		MyMoneyApp|x86 = MyMoneyApp|x86
		Release|Any CPU = Release|Any CPU
		Release|ARM = Release|ARM
		Release|x64 = Release|x64
		Release|x86 = Release|x86
	EndGlobalSection
	GlobalSection(ProjectConfigurationPlatforms) = postSolution
		{0D958504-42C8-4B04-B9A7-2C6CB6E8009C}.Debug|Any CPU.ActiveCfg = Debug|Any CPU
		{0D958504-42C8-4B04-B9A7-2C6CB6E8009C}.Debug|Any CPU.Build.0 = Debug|Any CPU
		{0D958504-42C8-4B04-B9A7-2C6CB6E8009C}.Debug|ARM.ActiveCfg = Debug|ARM
		{0D958504-42C8-4B04-B9A7-2C6CB6E8009C}.Debug|ARM.Build.0 = Debug|ARM
		{0D958504-42C8-4B04-B9A7-2C6CB6E8009C}.Debug|x64.ActiveCfg = Debug|x64
		{0D958504-42C8-4B04-B9A7-2C6CB6E8009C}.Debug|x64.Build.0 = Debug|x64
		{0D958504-42C8-4B04-B9A7-2C6CB6E8009C}.Debug|x86.ActiveCfg = Debug|x86
		{0D958504-42C8-4B04-B9A7-2C6CB6E8009C}.Debug|x86.Build.0 = Debug|x86
		{0D958504-42C8-4B04-B9A7-2C6CB6E8009C}.MyMoneyApp|Any CPU.ActiveCfg = MyMoneyApp|Any CPU
		{0D958504-42C8-4B04-B9A7-2C6CB6E8009C}.MyMoneyApp|Any CPU.Build.0 = MyMoneyApp|Any CPU
		{0D958504-42C8-4B04-B9A7-2C6CB6E8009C}.MyMoneyApp|ARM.ActiveCfg = MyMoneyApp|ARM
		{0D958504-42C8-4B04-B9A7-2C6CB6E8009C}.MyMoneyApp|ARM.Build.0 = MyMoneyApp|ARM
		{0D958504-42C8-4B04-B9A7-2C6CB6E8009C}.MyMoneyApp|x64.ActiveCfg = MyMoneyApp|x64
		{0D958504-42C8-4B04-B9A7-2C6CB6E8009C}.MyMoneyApp|x64.Build.0 = MyMoneyApp|x64
		{0D958504-42C8-4B04-B9A7-2C6CB6E8009C}.MyMoneyApp|x86.ActiveCfg = MyMoneyApp|x86
		{0D958504-42C8-4B04-B9A7-2C6CB6E8009C}.MyMoneyApp|x86.Build.0 = MyMoneyApp|x86
		{0D958504-42C8-4B04-B9A7-2C6CB6E8009C}.Release|Any CPU.ActiveCfg = Release|Any CPU
		{0D958504-42C8-4B04-B9A7-2C6CB6E8009C}.Release|Any CPU.Build.0 = Release|Any CPU
		{0D958504-42C8-4B04-B9A7-2C6CB6E8009C}.Release|ARM.ActiveCfg = Release|ARM
		{0D958504-42C8-4B04-B9A7-2C6CB6E8009C}.Release|ARM.Build.0 = Release|ARM
		{0D958504-42C8-4B04-B9A7-2C6CB6E8009C}.Release|x64.ActiveCfg = Release|x64
		{0D958504-42C8-4B04-B9A7-2C6CB6E8009C}.Release|x64.Build.0 = Release|x64
		{0D958504-42C8-4B04-B9A7-2C6CB6E8009C}.Release|x86.ActiveCfg = Release|x86
		{0D958504-42C8-4B04-B9A7-2C6CB6E8009C}.Release|x86.Build.0 = Release|x86
		{FDE2EB93-C994-4C49-8B72-808911A38194}.Debug|Any CPU.ActiveCfg = Debug|Any CPU
		{FDE2EB93-C994-4C49-8B72-808911A38194}.Debug|Any CPU.Build.0 = Debug|Any CPU
		{FDE2EB93-C994-4C49-8B72-808911A38194}.Debug|ARM.ActiveCfg = Debug|ARM
		{FDE2EB93-C994-4C49-8B72-808911A38194}.Debug|ARM.Build.0 = Debug|ARM
		{FDE2EB93-C994-4C49-8B72-808911A38194}.Debug|x64.ActiveCfg = Debug|x64
		{FDE2EB93-C994-4C49-8B72-808911A38194}.Debug|x64.Build.0 = Debug|x64
		{FDE2EB93-C994-4C49-8B72-808911A38194}.Debug|x86.ActiveCfg = Debug|x86
		{FDE2EB93-C994-4C49-8B72-808911A38194}.Debug|x86.Build.0 = Debug|x86
		{FDE2EB93-C994-4C49-8B72-808911A38194}.MyMoneyApp|Any CPU.ActiveCfg = MyMoneyApp|Any CPU
		{FDE2EB93-C994-4C49-8B72-808911A38194}.MyMoneyApp|Any CPU.Build.0 = MyMoneyApp|Any CPU
		{FDE2EB93-C994-4C49-8B72-808911A38194}.MyMoneyApp|ARM.ActiveCfg = MyMoneyApp|ARM
		{FDE2EB93-C994-4C49-8B72-808911A38194}.MyMoneyApp|ARM.Build.0 = MyMoneyApp|ARM
		{FDE2EB93-C994-4C49-8B72-808911A38194}.MyMoneyApp|x64.ActiveCfg = MyMoneyApp|x64
		{FDE2EB93-C994-4C49-8B72-808911A38194}.MyMoneyApp|x64.Build.0 = MyMoneyApp|x64
		{FDE2EB93-C994-4C49-8B72-808911A38194}.MyMoneyApp|x86.ActiveCfg = MyMoneyApp|x86
		{FDE2EB93-C994-4C49-8B72-808911A38194}.MyMoneyApp|x86.Build.0 = MyMoneyApp|x86
		{FDE2EB93-C994-4C49-8B72-808911A38194}.Release|Any CPU.ActiveCfg = Release|Any CPU
		{FDE2EB93-C994-4C49-8B72-808911A38194}.Release|Any CPU.Build.0 = Release|Any CPU
		{FDE2EB93-C994-4C49-8B72-808911A38194}.Release|ARM.ActiveCfg = Release|ARM
		{FDE2EB93-C994-4C49-8B72-808911A38194}.Release|ARM.Build.0 = Release|ARM
		{FDE2EB93-C994-4C49-8B72-808911A38194}.Release|x64.ActiveCfg = Release|x64
		{FDE2EB93-C994-4C49-8B72-808911A38194}.Release|x64.Build.0 = Release|x64
		{FDE2EB93-C994-4C49-8B72-808911A38194}.Release|x86.ActiveCfg = Release|x86
		{FDE2EB93-C994-4C49-8B72-808911A38194}.Release|x86.Build.0 = Release|x86
		{637D2BA7-F38B-49B3-BE33-66C875F9B9B8}.Debug|Any CPU.ActiveCfg = Debug|Any CPU
		{637D2BA7-F38B-49B3-BE33-66C875F9B9B8}.Debug|Any CPU.Build.0 = Debug|Any CPU
		{637D2BA7-F38B-49B3-BE33-66C875F9B9B8}.Debug|ARM.ActiveCfg = Debug|Any CPU
		{637D2BA7-F38B-49B3-BE33-66C875F9B9B8}.Debug|ARM.Build.0 = Debug|Any CPU
		{637D2BA7-F38B-49B3-BE33-66C875F9B9B8}.Debug|x64.ActiveCfg = Debug|Any CPU
		{637D2BA7-F38B-49B3-BE33-66C875F9B9B8}.Debug|x64.Build.0 = Debug|Any CPU
		{637D2BA7-F38B-49B3-BE33-66C875F9B9B8}.Debug|x86.ActiveCfg = Debug|Any CPU
		{637D2BA7-F38B-49B3-BE33-66C875F9B9B8}.Debug|x86.Build.0 = Debug|Any CPU
		{637D2BA7-F38B-49B3-BE33-66C875F9B9B8}.MyMoneyApp|Any CPU.ActiveCfg = Release|Any CPU
		{637D2BA7-F38B-49B3-BE33-66C875F9B9B8}.MyMoneyApp|Any CPU.Build.0 = Release|Any CPU
		{637D2BA7-F38B-49B3-BE33-66C875F9B9B8}.MyMoneyApp|ARM.ActiveCfg = Release|Any CPU
		{637D2BA7-F38B-49B3-BE33-66C875F9B9B8}.MyMoneyApp|ARM.Build.0 = Release|Any CPU
		{637D2BA7-F38B-49B3-BE33-66C875F9B9B8}.MyMoneyApp|x64.ActiveCfg = Release|Any CPU
		{637D2BA7-F38B-49B3-BE33-66C875F9B9B8}.MyMoneyApp|x64.Build.0 = Release|Any CPU
		{637D2BA7-F38B-49B3-BE33-66C875F9B9B8}.MyMoneyApp|x86.ActiveCfg = Release|Any CPU
		{637D2BA7-F38B-49B3-BE33-66C875F9B9B8}.MyMoneyApp|x86.Build.0 = Release|Any CPU
		{637D2BA7-F38B-49B3-BE33-66C875F9B9B8}.Release|Any CPU.ActiveCfg = Release|Any CPU
		{637D2BA7-F38B-49B3-BE33-66C875F9B9B8}.Release|Any CPU.Build.0 = Release|Any CPU
		{637D2BA7-F38B-49B3-BE33-66C875F9B9B8}.Release|ARM.ActiveCfg = Release|Any CPU
		{637D2BA7-F38B-49B3-BE33-66C875F9B9B8}.Release|ARM.Build.0 = Release|Any CPU
		{637D2BA7-F38B-49B3-BE33-66C875F9B9B8}.Release|x64.ActiveCfg = Release|Any CPU
		{637D2BA7-F38B-49B3-BE33-66C875F9B9B8}.Release|x64.Build.0 = Release|Any CPU
		{637D2BA7-F38B-49B3-BE33-66C875F9B9B8}.Release|x86.ActiveCfg = Release|Any CPU
		{637D2BA7-F38B-49B3-BE33-66C875F9B9B8}.Release|x86.Build.0 = Release|Any CPU
		{512FD53F-9AD1-46A1-A961-9FABDFAD50C5}.Debug|Any CPU.ActiveCfg = Debug|Any CPU
		{512FD53F-9AD1-46A1-A961-9FABDFAD50C5}.Debug|Any CPU.Build.0 = Debug|Any CPU
		{512FD53F-9AD1-46A1-A961-9FABDFAD50C5}.Debug|ARM.ActiveCfg = Debug|Any CPU
		{512FD53F-9AD1-46A1-A961-9FABDFAD50C5}.Debug|ARM.Build.0 = Debug|Any CPU
		{512FD53F-9AD1-46A1-A961-9FABDFAD50C5}.Debug|x64.ActiveCfg = Debug|Any CPU
		{512FD53F-9AD1-46A1-A961-9FABDFAD50C5}.Debug|x64.Build.0 = Debug|Any CPU
		{512FD53F-9AD1-46A1-A961-9FABDFAD50C5}.Debug|x86.ActiveCfg = Debug|Any CPU
		{512FD53F-9AD1-46A1-A961-9FABDFAD50C5}.Debug|x86.Build.0 = Debug|Any CPU
		{512FD53F-9AD1-46A1-A961-9FABDFAD50C5}.MyMoneyApp|Any CPU.ActiveCfg = Release|Any CPU
		{512FD53F-9AD1-46A1-A961-9FABDFAD50C5}.MyMoneyApp|Any CPU.Build.0 = Release|Any CPU
		{512FD53F-9AD1-46A1-A961-9FABDFAD50C5}.MyMoneyApp|ARM.ActiveCfg = Release|Any CPU
		{512FD53F-9AD1-46A1-A961-9FABDFAD50C5}.MyMoneyApp|ARM.Build.0 = Release|Any CPU
		{512FD53F-9AD1-46A1-A961-9FABDFAD50C5}.MyMoneyApp|x64.ActiveCfg = Release|Any CPU
		{512FD53F-9AD1-46A1-A961-9FABDFAD50C5}.MyMoneyApp|x64.Build.0 = Release|Any CPU
		{512FD53F-9AD1-46A1-A961-9FABDFAD50C5}.MyMoneyApp|x86.ActiveCfg = Release|Any CPU
		{512FD53F-9AD1-46A1-A961-9FABDFAD50C5}.MyMoneyApp|x86.Build.0 = Release|Any CPU
		{512FD53F-9AD1-46A1-A961-9FABDFAD50C5}.Release|Any CPU.ActiveCfg = Release|Any CPU
		{512FD53F-9AD1-46A1-A961-9FABDFAD50C5}.Release|Any CPU.Build.0 = Release|Any CPU
		{512FD53F-9AD1-46A1-A961-9FABDFAD50C5}.Release|ARM.ActiveCfg = Release|Any CPU
		{512FD53F-9AD1-46A1-A961-9FABDFAD50C5}.Release|ARM.Build.0 = Release|Any CPU
		{512FD53F-9AD1-46A1-A961-9FABDFAD50C5}.Release|x64.ActiveCfg = Release|Any CPU
		{512FD53F-9AD1-46A1-A961-9FABDFAD50C5}.Release|x64.Build.0 = Release|Any CPU
		{512FD53F-9AD1-46A1-A961-9FABDFAD50C5}.Release|x86.ActiveCfg = Release|Any CPU
		{512FD53F-9AD1-46A1-A961-9FABDFAD50C5}.Release|x86.Build.0 = Release|Any CPU
	EndGlobalSection
	GlobalSection(SolutionProperties) = preSolution
		HideSolutionNode = FALSE
	EndGlobalSection
	GlobalSection(NestedProjects) = preSolution
		{0D958504-42C8-4B04-B9A7-2C6CB6E8009C} = {98A0A453-E410-46B9-AA91-E959900D0692}
		{FDE2EB93-C994-4C49-8B72-808911A38194} = {98A0A453-E410-46B9-AA91-E959900D0692}
		{637D2BA7-F38B-49B3-BE33-66C875F9B9B8} = {80F802F1-8591-4145-8665-212413FFAADE}
		{512FD53F-9AD1-46A1-A961-9FABDFAD50C5} = {80F802F1-8591-4145-8665-212413FFAADE}
	EndGlobalSection
	GlobalSection(ExtensibilityGlobals) = postSolution
		SolutionGuid = {04EA9CF6-E14B-4C9A-9FCA-3FE4253D123A}
	EndGlobalSection
EndGlobal
