
Microsoft Visual Studio Solution File, Format Version 12.00
# Visual Studio 2013
VisualStudioVersion = 12.0.21005.1
MinimumVisualStudioVersion = 10.0.40219.1
Project("{FAE04EC0-301F-11D3-BF4B-00C04F79EFBC}") = "tRD.UnitTesting", "tRD.UnitTesting.csproj", "{926F5036-E088-4C57-ACDF-A4580753B8E3}"
EndProject
Project("{FAE04EC0-301F-11D3-BF4B-00C04F79EFBC}") = "tRD.UnitTesting.UnitTests", "..\Mannus.UnitTesting.UnitTests\tRD.UnitTesting.UnitTests.csproj", "{4A456836-01B8-4917-958D-C88A27A867EC}"
EndProject
Project("{2150E333-8FDC-42A3-9474-1A3956D46DE8}") = ".nuget", ".nuget", "{A289569A-0D61-4DBA-90BF-C83155E0FC4B}"
	ProjectSection(SolutionItems) = preProject
		.nuget\NuGet.Config = .nuget\NuGet.Config
		.nuget\NuGet.exe = .nuget\NuGet.exe
		.nuget\NuGet.targets = .nuget\NuGet.targets
	EndProjectSection
EndProject
Global
	GlobalSection(SolutionConfigurationPlatforms) = preSolution
		Debug|Any CPU = Debug|Any CPU
		Release|Any CPU = Release|Any CPU
		Verify|Any CPU = Verify|Any CPU
	EndGlobalSection
	GlobalSection(ProjectConfigurationPlatforms) = postSolution
		{926F5036-E088-4C57-ACDF-A4580753B8E3}.Debug|Any CPU.ActiveCfg = Debug|Any CPU
		{926F5036-E088-4C57-ACDF-A4580753B8E3}.Debug|Any CPU.Build.0 = Debug|Any CPU
		{926F5036-E088-4C57-ACDF-A4580753B8E3}.Release|Any CPU.ActiveCfg = Release|Any CPU
		{926F5036-E088-4C57-ACDF-A4580753B8E3}.Release|Any CPU.Build.0 = Release|Any CPU
		{926F5036-E088-4C57-ACDF-A4580753B8E3}.Verify|Any CPU.ActiveCfg = Release|Any CPU
		{926F5036-E088-4C57-ACDF-A4580753B8E3}.Verify|Any CPU.Build.0 = Release|Any CPU
		{4A456836-01B8-4917-958D-C88A27A867EC}.Debug|Any CPU.ActiveCfg = Debug|Any CPU
		{4A456836-01B8-4917-958D-C88A27A867EC}.Debug|Any CPU.Build.0 = Debug|Any CPU
		{4A456836-01B8-4917-958D-C88A27A867EC}.Release|Any CPU.ActiveCfg = Release|Any CPU
		{4A456836-01B8-4917-958D-C88A27A867EC}.Release|Any CPU.Build.0 = Release|Any CPU
		{4A456836-01B8-4917-958D-C88A27A867EC}.Verify|Any CPU.ActiveCfg = Release|Any CPU
		{4A456836-01B8-4917-958D-C88A27A867EC}.Verify|Any CPU.Build.0 = Release|Any CPU
	EndGlobalSection
	GlobalSection(SolutionProperties) = preSolution
		HideSolutionNode = FALSE
	EndGlobalSection
EndGlobal
